
Microsoft Visual Studio Solution File, Format Version 12.00
# Visual Studio Version 16
VisualStudioVersion = 16.0.29709.97
MinimumVisualStudioVersion = 10.0.40219.1
Project("{2150E333-8FDC-42A3-9474-1A3956D46DE8}") = "1 - Domain", "1 - Domain", "{0D31AAA0-CABA-4256-964C-682710D8DD47}"
EndProject
Project("{2150E333-8FDC-42A3-9474-1A3956D46DE8}") = "2 - Infra", "2 - Infra", "{6BC3A815-400F-44F0-823F-69701EC950DF}"
EndProject
Project("{2150E333-8FDC-42A3-9474-1A3956D46DE8}") = "2.1 - Data", "2.1 - Data", "{A1AF6BF2-B5E9-42DA-8A3C-A2EDEC3D7DE4}"
EndProject
Project("{2150E333-8FDC-42A3-9474-1A3956D46DE8}") = "2.2 - CrossCutting", "2.2 - CrossCutting", "{AC470376-AD71-4F9D-B974-BFE6125B03A4}"
EndProject
Project("{2150E333-8FDC-42A3-9474-1A3956D46DE8}") = "3 - Service", "3 - Service", "{EFBB87C6-CBE1-4C1A-A60C-BEE844AC2F0B}"
EndProject
Project("{2150E333-8FDC-42A3-9474-1A3956D46DE8}") = "4 - Application", "4 - Application", "{166BEC92-13F3-444C-A70F-E48491982D64}"
EndProject
Project("{2150E333-8FDC-42A3-9474-1A3956D46DE8}") = "5 - Tests", "5 - Tests", "{6E323BED-DDF1-4747-9BF6-6C23BE4592B3}"
EndProject
Project("{9A19103F-16F7-4668-BE54-9A1E7A4F7556}") = "Radius.Domain", "Radius.Domain\Radius.Domain.csproj", "{19D0BE2D-D9B7-4A18-812C-9C8509CFBCA9}"
EndProject
Project("{9A19103F-16F7-4668-BE54-9A1E7A4F7556}") = "Radius.Data", "Radius.Data\Radius.Data.csproj", "{AA4C82A2-C51B-4745-8929-735922E46F3C}"
EndProject
Project("{9A19103F-16F7-4668-BE54-9A1E7A4F7556}") = "Radius.Infra.CrossCutting.Bus", "Radius.Infra.CrossCutting.Bus\Radius.Infra.CrossCutting.Bus.csproj", "{7960FDA9-C2A6-46D8-A07A-AA0C71B0E1BD}"
EndProject
Project("{9A19103F-16F7-4668-BE54-9A1E7A4F7556}") = "Radius.Infra.CrossCutting.IoC", "Radius.Infra.CrossCutting.IoC\Radius.Infra.CrossCutting.IoC.csproj", "{11178CA9-7DD2-46E5-A62D-522BDE0F868A}"
EndProject
Project("{9A19103F-16F7-4668-BE54-9A1E7A4F7556}") = "Radius.Service", "Radius.Service\Radius.Service.csproj", "{2B4C42FB-3FE0-47EE-8952-FC77225CE09B}"
EndProject
Project("{9A19103F-16F7-4668-BE54-9A1E7A4F7556}") = "Radius.Application", "Radius.Application\Radius.Application.csproj", "{09B441F4-D371-4CFE-BDFE-77C66F2671A1}"
EndProject
Project("{9A19103F-16F7-4668-BE54-9A1E7A4F7556}") = "Radius.Tests", "Radius.Tests\Radius.Tests.csproj", "{29827400-4D52-487F-AE7D-47DA10222D77}"
EndProject
Project("{9A19103F-16F7-4668-BE54-9A1E7A4F7556}") = "Radius.CrossCutting.Identity", "Radius.CrossCutting.Identity\Radius.CrossCutting.Identity.csproj", "{23F37A7E-3C10-456D-A091-EC4066DBC2E2}"
EndProject
Global
	GlobalSection(SolutionConfigurationPlatforms) = preSolution
		Debug|Any CPU = Debug|Any CPU
		Release|Any CPU = Release|Any CPU
	EndGlobalSection
	GlobalSection(ProjectConfigurationPlatforms) = postSolution
		{19D0BE2D-D9B7-4A18-812C-9C8509CFBCA9}.Debug|Any CPU.ActiveCfg = Debug|Any CPU
		{19D0BE2D-D9B7-4A18-812C-9C8509CFBCA9}.Debug|Any CPU.Build.0 = Debug|Any CPU
		{19D0BE2D-D9B7-4A18-812C-9C8509CFBCA9}.Release|Any CPU.ActiveCfg = Release|Any CPU
		{19D0BE2D-D9B7-4A18-812C-9C8509CFBCA9}.Release|Any CPU.Build.0 = Release|Any CPU
		{AA4C82A2-C51B-4745-8929-735922E46F3C}.Debug|Any CPU.ActiveCfg = Debug|Any CPU
		{AA4C82A2-C51B-4745-8929-735922E46F3C}.Debug|Any CPU.Build.0 = Debug|Any CPU
		{AA4C82A2-C51B-4745-8929-735922E46F3C}.Release|Any CPU.ActiveCfg = Release|Any CPU
		{AA4C82A2-C51B-4745-8929-735922E46F3C}.Release|Any CPU.Build.0 = Release|Any CPU
		{7960FDA9-C2A6-46D8-A07A-AA0C71B0E1BD}.Debug|Any CPU.ActiveCfg = Debug|Any CPU
		{7960FDA9-C2A6-46D8-A07A-AA0C71B0E1BD}.Debug|Any CPU.Build.0 = Debug|Any CPU
		{7960FDA9-C2A6-46D8-A07A-AA0C71B0E1BD}.Release|Any CPU.ActiveCfg = Release|Any CPU
		{7960FDA9-C2A6-46D8-A07A-AA0C71B0E1BD}.Release|Any CPU.Build.0 = Release|Any CPU
		{11178CA9-7DD2-46E5-A62D-522BDE0F868A}.Debug|Any CPU.ActiveCfg = Debug|Any CPU
		{11178CA9-7DD2-46E5-A62D-522BDE0F868A}.Debug|Any CPU.Build.0 = Debug|Any CPU
		{11178CA9-7DD2-46E5-A62D-522BDE0F868A}.Release|Any CPU.ActiveCfg = Release|Any CPU
		{11178CA9-7DD2-46E5-A62D-522BDE0F868A}.Release|Any CPU.Build.0 = Release|Any CPU
		{2B4C42FB-3FE0-47EE-8952-FC77225CE09B}.Debug|Any CPU.ActiveCfg = Debug|Any CPU
		{2B4C42FB-3FE0-47EE-8952-FC77225CE09B}.Debug|Any CPU.Build.0 = Debug|Any CPU
		{2B4C42FB-3FE0-47EE-8952-FC77225CE09B}.Release|Any CPU.ActiveCfg = Release|Any CPU
		{2B4C42FB-3FE0-47EE-8952-FC77225CE09B}.Release|Any CPU.Build.0 = Release|Any CPU
		{09B441F4-D371-4CFE-BDFE-77C66F2671A1}.Debug|Any CPU.ActiveCfg = Debug|Any CPU
		{09B441F4-D371-4CFE-BDFE-77C66F2671A1}.Debug|Any CPU.Build.0 = Debug|Any CPU
		{09B441F4-D371-4CFE-BDFE-77C66F2671A1}.Release|Any CPU.ActiveCfg = Release|Any CPU
		{09B441F4-D371-4CFE-BDFE-77C66F2671A1}.Release|Any CPU.Build.0 = Release|Any CPU
		{29827400-4D52-487F-AE7D-47DA10222D77}.Debug|Any CPU.ActiveCfg = Debug|Any CPU
		{29827400-4D52-487F-AE7D-47DA10222D77}.Debug|Any CPU.Build.0 = Debug|Any CPU
		{29827400-4D52-487F-AE7D-47DA10222D77}.Release|Any CPU.ActiveCfg = Release|Any CPU
		{29827400-4D52-487F-AE7D-47DA10222D77}.Release|Any CPU.Build.0 = Release|Any CPU
		{23F37A7E-3C10-456D-A091-EC4066DBC2E2}.Debug|Any CPU.ActiveCfg = Debug|Any CPU
		{23F37A7E-3C10-456D-A091-EC4066DBC2E2}.Debug|Any CPU.Build.0 = Debug|Any CPU
		{23F37A7E-3C10-456D-A091-EC4066DBC2E2}.Release|Any CPU.ActiveCfg = Release|Any CPU
		{23F37A7E-3C10-456D-A091-EC4066DBC2E2}.Release|Any CPU.Build.0 = Release|Any CPU
	EndGlobalSection
	GlobalSection(SolutionProperties) = preSolution
		HideSolutionNode = FALSE
	EndGlobalSection
	GlobalSection(NestedProjects) = preSolution
		{A1AF6BF2-B5E9-42DA-8A3C-A2EDEC3D7DE4} = {6BC3A815-400F-44F0-823F-69701EC950DF}
		{AC470376-AD71-4F9D-B974-BFE6125B03A4} = {6BC3A815-400F-44F0-823F-69701EC950DF}
		{19D0BE2D-D9B7-4A18-812C-9C8509CFBCA9} = {0D31AAA0-CABA-4256-964C-682710D8DD47}
		{AA4C82A2-C51B-4745-8929-735922E46F3C} = {A1AF6BF2-B5E9-42DA-8A3C-A2EDEC3D7DE4}
		{7960FDA9-C2A6-46D8-A07A-AA0C71B0E1BD} = {AC470376-AD71-4F9D-B974-BFE6125B03A4}
		{11178CA9-7DD2-46E5-A62D-522BDE0F868A} = {AC470376-AD71-4F9D-B974-BFE6125B03A4}
		{2B4C42FB-3FE0-47EE-8952-FC77225CE09B} = {EFBB87C6-CBE1-4C1A-A60C-BEE844AC2F0B}
		{09B441F4-D371-4CFE-BDFE-77C66F2671A1} = {166BEC92-13F3-444C-A70F-E48491982D64}
		{29827400-4D52-487F-AE7D-47DA10222D77} = {6E323BED-DDF1-4747-9BF6-6C23BE4592B3}
		{23F37A7E-3C10-456D-A091-EC4066DBC2E2} = {AC470376-AD71-4F9D-B974-BFE6125B03A4}
	EndGlobalSection
	GlobalSection(ExtensibilityGlobals) = postSolution
		SolutionGuid = {07E2C6DC-F476-4FA4-A6D6-C83B83EE7C6B}
	EndGlobalSection
EndGlobal
